
Microsoft Visual Studio Solution File, Format Version 12.00
# Visual Studio Version 16
VisualStudioVersion = 16.0.28803.202
MinimumVisualStudioVersion = 10.0.40219.1
Project("{9A19103F-16F7-4668-BE54-9A1E7A4F7556}") = "LibraryManagement.Web", "LibraryManagement.Web\LibraryManagement.Web.csproj", "{2743CCDA-9A56-409D-9E34-D74227655DC2}"
EndProject
Project("{FAE04EC0-301F-11D3-BF4B-00C04F79EFBC}") = "LibraryManagement.Data", "LibraryManagement.Data\LibraryManagement.Data.csproj", "{6B20121B-023A-4E5E-8DCB-F77019B985A9}"
EndProject
Project("{FAE04EC0-301F-11D3-BF4B-00C04F79EFBC}") = "LibraryManagement.Services", "LibraryManagement.Services\LibraryManagement.Services.csproj", "{99F52F94-1E38-42C9-9D09-9E2FEF76D907}"
EndProject
Global
	GlobalSection(SolutionConfigurationPlatforms) = preSolution
		Debug|Any CPU = Debug|Any CPU
		Release|Any CPU = Release|Any CPU
	EndGlobalSection
	GlobalSection(ProjectConfigurationPlatforms) = postSolution
		{2743CCDA-9A56-409D-9E34-D74227655DC2}.Debug|Any CPU.ActiveCfg = Debug|Any CPU
		{2743CCDA-9A56-409D-9E34-D74227655DC2}.Debug|Any CPU.Build.0 = Debug|Any CPU
		{2743CCDA-9A56-409D-9E34-D74227655DC2}.Release|Any CPU.ActiveCfg = Release|Any CPU
		{2743CCDA-9A56-409D-9E34-D74227655DC2}.Release|Any CPU.Build.0 = Release|Any CPU
		{6B20121B-023A-4E5E-8DCB-F77019B985A9}.Debug|Any CPU.ActiveCfg = Debug|Any CPU
		{6B20121B-023A-4E5E-8DCB-F77019B985A9}.Debug|Any CPU.Build.0 = Debug|Any CPU
		{6B20121B-023A-4E5E-8DCB-F77019B985A9}.Release|Any CPU.ActiveCfg = Release|Any CPU
		{6B20121B-023A-4E5E-8DCB-F77019B985A9}.Release|Any CPU.Build.0 = Release|Any CPU
		{99F52F94-1E38-42C9-9D09-9E2FEF76D907}.Debug|Any CPU.ActiveCfg = Debug|Any CPU
		{99F52F94-1E38-42C9-9D09-9E2FEF76D907}.Debug|Any CPU.Build.0 = Debug|Any CPU
		{99F52F94-1E38-42C9-9D09-9E2FEF76D907}.Release|Any CPU.ActiveCfg = Release|Any CPU
		{99F52F94-1E38-42C9-9D09-9E2FEF76D907}.Release|Any CPU.Build.0 = Release|Any CPU
	EndGlobalSection
	GlobalSection(SolutionProperties) = preSolution
		HideSolutionNode = FALSE
	EndGlobalSection
	GlobalSection(ExtensibilityGlobals) = postSolution
		SolutionGuid = {8464E00C-618C-4A52-9214-250EACA265C9}
	EndGlobalSection
EndGlobal
